{
  "name": "Arrow-Contracts",
  "lockfileVersion": 2,
  "requires": true,
  "packages": {
    "": {
      "dependencies": {
        "@openzeppelin/contracts": "^4.5.0",
        "@openzeppelin/contracts-upgradeable": "^4.5.1"
      }
    },
    "node_modules/@openzeppelin/contracts": {
      "version": "4.5.0",
      "resolved": "https://registry.npmjs.org/@openzeppelin/contracts/-/contracts-4.5.0.tgz",
      "integrity": "sha512-fdkzKPYMjrRiPK6K4y64e6GzULR7R7RwxSigHS8DDp7aWDeoReqsQI+cxHV1UuhAqX69L1lAaWDxenfP+xiqzA=="
    },
    "node_modules/@openzeppelin/contracts-upgradeable": {
      "version": "4.5.1",
      "resolved": "https://registry.npmjs.org/@openzeppelin/contracts-upgradeable/-/contracts-upgradeable-4.5.1.tgz",
      "integrity": "sha512-xcKycsSyFauIGMhSeeTJW/Jzz9jZUJdiFNP9Wo/9VhMhw8t5X0M92RY6x176VfcIWsxURMHFWOJVTlFA78HI/w=="
    }
  },
  "dependencies": {
    "@openzeppelin/contracts": {
      "version": "4.5.0",
      "resolved": "https://registry.npmjs.org/@openzeppelin/contracts/-/contracts-4.5.0.tgz",
      "integrity": "sha512-fdkzKPYMjrRiPK6K4y64e6GzULR7R7RwxSigHS8DDp7aWDeoReqsQI+cxHV1UuhAqX69L1lAaWDxenfP+xiqzA=="
    },
    "@openzeppelin/contracts-upgradeable": {
      "version": "4.5.1",
      "resolved": "https://registry.npmjs.org/@openzeppelin/contracts-upgradeable/-/contracts-upgradeable-4.5.1.tgz",
      "integrity": "sha512-xcKycsSyFauIGMhSeeTJW/Jzz9jZUJdiFNP9Wo/9VhMhw8t5X0M92RY6x176VfcIWsxURMHFWOJVTlFA78HI/w=="
    }
  }
}
